
Microsoft Visual Studio Solution File, Format Version 12.00
# Visual Studio Version 17
VisualStudioVersion = 17.11.35219.272
MinimumVisualStudioVersion = 10.0.40219.1
Project("{FAE04EC0-301F-11D3-BF4B-00C04F79EFBC}") = "MiParcialitoC", "MiParcialitoC\MiParcialitoC.csproj", "{F981DD41-1D64-43E4-AC17-EF555FF82D76}"
EndProject
Global
	GlobalSection(SolutionConfigurationPlatforms) = preSolution
		Debug|Any CPU = Debug|Any CPU
		Release|Any CPU = Release|Any CPU
	EndGlobalSection
	GlobalSection(ProjectConfigurationPlatforms) = postSolution
		{F981DD41-1D64-43E4-AC17-EF555FF82D76}.Debug|Any CPU.ActiveCfg = Debug|Any CPU
		{F981DD41-1D64-43E4-AC17-EF555FF82D76}.Debug|Any CPU.Build.0 = Debug|Any CPU
		{F981DD41-1D64-43E4-AC17-EF555FF82D76}.Release|Any CPU.ActiveCfg = Release|Any CPU
		{F981DD41-1D64-43E4-AC17-EF555FF82D76}.Release|Any CPU.Build.0 = Release|Any CPU
	EndGlobalSection
	GlobalSection(SolutionProperties) = preSolution
		HideSolutionNode = FALSE
	EndGlobalSection
	GlobalSection(ExtensibilityGlobals) = postSolution
		SolutionGuid = {DA122090-C87E-4CD3-B357-793065716A50}
	EndGlobalSection
EndGlobal
